# This file was autogenerated by Stack.
# You should not edit this file by hand.
# For more information, please see the documentation at:
#   https://docs.haskellstack.org/en/stable/lock_files

packages:
- completed:
    cabal-file:
      size: 1729
      sha256: 09cb1587f7743167af60bc9549283bd01199a75137908c480942dcab82edab4d
    name: lmdb-resource
    version: 0.1.0.0
    git: https://github.com/shlok/lmdb-resource
    pantry-tree:
      size: 683
      sha256: ca7239b5421a8875cab35bf2c6bf553e4bdc1dad3e6062ecf75d2fa5b2a476dd
    commit: 5f943872a9528f984b1188990967a1fc1315bf6e
  original:
    git: https://github.com/shlok/lmdb-resource
    commit: 5f943872a9528f984b1188990967a1fc1315bf6e
snapshots:
- completed:
    size: 523448
    url: https://raw.githubusercontent.com/commercialhaskell/stackage-snapshots/master/lts/14/1.yaml
    sha256: 0045b9bae36c3bb2dd374c29b586389845af1557eea0423958d152fc500d4fbf
  original: lts-14.1
