# This file was autogenerated by Stack.
# You should not edit this file by hand.
# For more information, please see the documentation at:
#   https://docs.haskellstack.org/en/stable/lock_files

packages:
- completed:
    cabal-file:
      size: 1729
      sha256: 09cb1587f7743167af60bc9549283bd01199a75137908c480942dcab82edab4d
    name: lmdb-resource
    version: 0.1.0.0
    git: https://github.com/shlok/lmdb-resource
    pantry-tree:
      size: 683
      sha256: 90f53cd4746fed40ace3ddb87755c140ce9a411e333f1047b836f9d5ab7cb533
    commit: 9e40404f4ffd4ce720d54d09bdef82d9c3f6280e
  original:
    git: https://github.com/shlok/lmdb-resource
    commit: 9e40404f4ffd4ce720d54d09bdef82d9c3f6280e
snapshots:
- completed:
    size: 545658
    url: https://raw.githubusercontent.com/commercialhaskell/stackage-snapshots/master/lts/14/12.yaml
    sha256: 26b807457213126d26b595439d705dc824dbb7618b0de6b900adc2bf6a059406
  original: lts-14.12
